{
  "requires": true,
  "lockfileVersion": 1,
  "dependencies": {
    "oauth": {
      "version": "0.9.15",
      "resolved": "https://registry.npmjs.org/oauth/-/oauth-0.9.15.tgz",
      "integrity": "sha1-vR/vr2hslrdUda7VGWQS/2DPucE="
    },
    "xero-node": {
      "version": "3.0.16",
      "resolved": "https://registry.npmjs.org/xero-node/-/xero-node-3.0.16.tgz",
      "integrity": "sha512-3EFEW8YUEGL2Opz8u0aZ1memW+OQeGxNldDFK8k9m+BDjGq/YvDfXiY+Uq9t3di1qe4oRmK9y/d2Qp4/SWBcng==",
      "requires": {
        "oauth": "^0.9.15"
      }
    }
  }
}
